<?xml version="1.0" encoding="utf-8"?>
<Project ToolsVersion="4.0" xmlns="http://schemas.microsoft.com/developer/msbuild/2003">
  <ItemGroup>
    <Filter Include="Source Files">
      <UniqueIdentifier>{4FC737F1-C7A5-4376-A066-2A32D752A2FF}</UniqueIdentifier>
      <Extensions>cpp;c;cc;cxx;c++;cppm;ixx;def;odl;idl;hpj;bat;asm;asmx</Extensions>
    </Filter>
    <Filter Include="Header Files">
      <UniqueIdentifier>{93995380-89BD-4b04-88EB-625FBE52EBFB}</UniqueIdentifier>
      <Extensions>h;hh;hpp;hxx;h++;hm;inl;inc;ipp;xsd</Extensions>
    </Filter>
    <Filter Include="Resource Files">
      <UniqueIdentifier>{67DA6AB6-F800-4c08-8B7A-83BB121AAD01}</UniqueIdentifier>
      <Extensions>rc;ico;cur;bmp;dlg;rc2;rct;bin;rgs;gif;jpg;jpeg;jpe;resx;tiff;tif;png;wav;mfcribbon-ms</Extensions>
    </Filter>
  </ItemGroup>
  <ItemGroup>
    <ClCompile Include="Player.cpp">
      <Filter>Source Files</Filter>
    </ClCompile>
    <ClCompile Include="main.cpp">
      <Filter>Source Files</Filter>
    </ClCompile>
    <ClCompile Include="Sprite.cpp">
      <Filter>Source Files</Filter>
    </ClCompile>
    <ClCompile Include="Button.cpp">
      <Filter>Source Files</Filter>
    </ClCompile>
    <ClCompile Include="GameMenu.cpp">
      <Filter>Source Files</Filter>
    </ClCompile>
    <ClCompile Include="Map.cpp">
      <Filter>Source Files</Filter>
    </ClCompile>
    <ClCompile Include="SimulateGame.cpp">
      <Filter>Source Files</Filter>
    </ClCompile>
    <ClCompile Include="TrafficLight.cpp">
      <Filter>Source Files</Filter>
    </ClCompile>
    <ClCompile Include="Train.cpp">
      <Filter>Source Files</Filter>
    </ClCompile>
    <ClCompile Include="Sound.cpp">
      <Filter>Source Files</Filter>
    </ClCompile>
    <ClCompile Include="GameSettings.cpp">
      <Filter>Source Files</Filter>
    </ClCompile>
    <ClCompile Include="GameCredits.cpp">
      <Filter>Source Files</Filter>
    </ClCompile>
  </ItemGroup>
  <ItemGroup>
    <ClInclude Include="Player.h">
      <Filter>Header Files</Filter>
    </ClInclude>
    <ClInclude Include="Sprite.h">
      <Filter>Header Files</Filter>
    </ClInclude>
    <ClInclude Include="Map.h">
      <Filter>Header Files</Filter>
    </ClInclude>
    <ClInclude Include="RectangleAndEllipse.h">
      <Filter>Header Files</Filter>
    </ClInclude>
    <ClInclude Include="Shape.h">
      <Filter>Header Files</Filter>
    </ClInclude>
    <ClInclude Include="Button.h">
      <Filter>Header Files</Filter>
    </ClInclude>
    <ClInclude Include="GameMenu.h">
      <Filter>Header Files</Filter>
    </ClInclude>
    <ClInclude Include="GameSave.h">
      <Filter>Header Files</Filter>
    </ClInclude>
    <ClInclude Include="SimulateGame.h">
      <Filter>Header Files</Filter>
    </ClInclude>
    <ClInclude Include="RNG.h">
      <Filter>Header Files</Filter>
    </ClInclude>
    <ClInclude Include="TrafficLight.h">
      <Filter>Header Files</Filter>
    </ClInclude>
    <ClInclude Include="Train.h">
      <Filter>Header Files</Filter>
    </ClInclude>
    <ClInclude Include="Sound.h">
      <Filter>Header Files</Filter>
    </ClInclude>
    <ClInclude Include="GameSettings.h">
      <Filter>Header Files</Filter>
    </ClInclude>
    <ClInclude Include="GameCredits.h">
      <Filter>Header Files</Filter>
    </ClInclude>
  </ItemGroup>
  <ItemGroup>
    <Text Include="bush.txt">
      <Filter>Resource Files</Filter>
    </Text>
    <Text Include="cactus.txt">
      <Filter>Resource Files</Filter>
    </Text>
    <Text Include="deadbush.txt">
      <Filter>Resource Files</Filter>
    </Text>
    <Text Include="highrock.txt">
      <Filter>Resource Files</Filter>
    </Text>
    <Text Include="horsewagon.txt">
      <Filter>Resource Files</Filter>
    </Text>
    <Text Include="log.txt">
      <Filter>Resource Files</Filter>
    </Text>
    <Text Include="player.txt">
      <Filter>Resource Files</Filter>
    </Text>
    <Text Include="..\..\..\..\..\..\..\..\Downloads\reverseHorseWagon.txt">
      <Filter>Resource Files</Filter>
    </Text>
    <Text Include="rock.txt">
      <Filter>Resource Files</Filter>
    </Text>
    <Text Include="water.txt">
      <Filter>Resource Files</Filter>
    </Text>
    <Text Include="greenlight.txt">
      <Filter>Resource Files</Filter>
    </Text>
    <Text Include="red_light.txt">
      <Filter>Resource Files</Filter>
    </Text>
    <Text Include="train.txt">
      <Filter>Resource Files</Filter>
    </Text>
  </ItemGroup>
  <ItemGroup>
    <Image Include="CREDITS.bmp">
      <Filter>Resource Files</Filter>
    </Image>
    <Image Include="crossyroad.bmp">
      <Filter>Resource Files</Filter>
    </Image>
    <Image Include="EXIT.bmp">
      <Filter>Resource Files</Filter>
    </Image>
    <Image Include="LOADGAME.bmp">
      <Filter>Resource Files</Filter>
    </Image>
    <Image Include="NEWGAME.bmp">
      <Filter>Resource Files</Filter>
    </Image>
    <Image Include="SETTINGS.bmp">
      <Filter>Resource Files</Filter>
    </Image>
    <Image Include="CREDITSMENU.bmp">
      <Filter>Resource Files</Filter>
    </Image>
    <Image Include="RETURNBUTTON.bmp">
      <Filter>Resource Files</Filter>
    </Image>
  </ItemGroup>
  <ItemGroup>
    <Media Include="crossyroadtrack.mp3">
      <Filter>Resource Files</Filter>
    </Media>
  </ItemGroup>
</Project>